schema: '2.0'
stages:
  make_dataset:
    cmd: python src\data\make_dataset.py .\data\raw\spam_1.csv .\data\processed\cleaned_spam_data.cs
  build_features:
    cmd: python src\features\build_features.py .\data\processed\cleaned_spam_data.csv
      .\data\interim\spam_features.csv
  train_model:
    cmd: python src\models\train_model.py .\data\interim\spam_features.csv .\models\random_forest_spam.joblib
      .\models\gradient_boosting_spam.joblib
  visualize:
    cmd: python src\visualization\visualize.py .\data\processed\cleaned_spam_data.csv
      .\reports\figures
    outs:
    - path: dvclive
      hash: md5
      md5: 2da914fd31f1817c66ac8fa68d1aee32.dir
      size: 2227
      nfiles: 6
